
Microsoft Visual Studio Solution File, Format Version 12.00
# Visual Studio Version 17
VisualStudioVersion = 17.0.31903.59
MinimumVisualStudioVersion = 10.0.40219.1
Project("{FAE04EC0-301F-11D3-BF4B-00C04F79EFBC}") = "ModuleWorkFlow.PlaywrightRunner", "ModuleWorkFlow.PlaywrightRunner\ModuleWorkFlow.PlaywrightRunner.csproj", "{1D837101-2DAF-4E75-8C71-3818F94EABF2}"
EndProject
Project("{FAE04EC0-301F-11D3-BF4B-00C04F79EFBC}") = "ModuleWorkFlow.AIHelp.Config", "ModuleWorkFlow.AIHelp.Config\ModuleWorkFlow.AIHelp.Config.csproj", "{AAA8CC5C-69E3-4A23-81EA-36D4F9CB6AF7}"
EndProject
Project("{FAE04EC0-301F-11D3-BF4B-00C04F79EFBC}") = "ModuleWorkFlow.AIHelp.Llm", "ModuleWorkFlow.AIHelp.Llm\ModuleWorkFlow.AIHelp.Llm.csproj", "{BCA7C583-CA58-4121-9B2F-A477F81D6E97}"
EndProject
Project("{FAE04EC0-301F-11D3-BF4B-00C04F79EFBC}") = "ModuleWorkFlow.AIHelp.Tools", "ModuleWorkFlow.AIHelp.Tools\ModuleWorkFlow.AIHelp.Tools.csproj", "{81451B00-8F0E-4FD9-9FBE-78F8C42782DD}"
EndProject
Project("{FAE04EC0-301F-11D3-BF4B-00C04F79EFBC}") = "ModuleWorkFlow.AIHelp.Training", "ModuleWorkFlow.AIHelp.Training\ModuleWorkFlow.AIHelp.Training.csproj", "{50C771DD-34B0-4184-B098-510001D63B32}"
EndProject
Global
	GlobalSection(SolutionConfigurationPlatforms) = preSolution
		Debug|Any CPU = Debug|Any CPU
		Debug|x64 = Debug|x64
		Debug|x86 = Debug|x86
		Release|Any CPU = Release|Any CPU
		Release|x64 = Release|x64
		Release|x86 = Release|x86
	EndGlobalSection
	GlobalSection(ProjectConfigurationPlatforms) = postSolution
		{1D837101-2DAF-4E75-8C71-3818F94EABF2}.Debug|Any CPU.ActiveCfg = Debug|Any CPU
		{1D837101-2DAF-4E75-8C71-3818F94EABF2}.Debug|Any CPU.Build.0 = Debug|Any CPU
		{1D837101-2DAF-4E75-8C71-3818F94EABF2}.Debug|x64.ActiveCfg = Debug|Any CPU
		{1D837101-2DAF-4E75-8C71-3818F94EABF2}.Debug|x64.Build.0 = Debug|Any CPU
		{1D837101-2DAF-4E75-8C71-3818F94EABF2}.Debug|x86.ActiveCfg = Debug|Any CPU
		{1D837101-2DAF-4E75-8C71-3818F94EABF2}.Debug|x86.Build.0 = Debug|Any CPU
		{1D837101-2DAF-4E75-8C71-3818F94EABF2}.Release|Any CPU.ActiveCfg = Release|Any CPU
		{1D837101-2DAF-4E75-8C71-3818F94EABF2}.Release|Any CPU.Build.0 = Release|Any CPU
		{1D837101-2DAF-4E75-8C71-3818F94EABF2}.Release|x64.ActiveCfg = Release|Any CPU
		{1D837101-2DAF-4E75-8C71-3818F94EABF2}.Release|x64.Build.0 = Release|Any CPU
		{1D837101-2DAF-4E75-8C71-3818F94EABF2}.Release|x86.ActiveCfg = Release|Any CPU
		{1D837101-2DAF-4E75-8C71-3818F94EABF2}.Release|x86.Build.0 = Release|Any CPU
		{AAA8CC5C-69E3-4A23-81EA-36D4F9CB6AF7}.Debug|Any CPU.ActiveCfg = Debug|Any CPU
		{AAA8CC5C-69E3-4A23-81EA-36D4F9CB6AF7}.Debug|Any CPU.Build.0 = Debug|Any CPU
		{AAA8CC5C-69E3-4A23-81EA-36D4F9CB6AF7}.Debug|x64.ActiveCfg = Debug|Any CPU
		{AAA8CC5C-69E3-4A23-81EA-36D4F9CB6AF7}.Debug|x64.Build.0 = Debug|Any CPU
		{AAA8CC5C-69E3-4A23-81EA-36D4F9CB6AF7}.Debug|x86.ActiveCfg = Debug|Any CPU
		{AAA8CC5C-69E3-4A23-81EA-36D4F9CB6AF7}.Debug|x86.Build.0 = Debug|Any CPU
		{AAA8CC5C-69E3-4A23-81EA-36D4F9CB6AF7}.Release|Any CPU.ActiveCfg = Release|Any CPU
		{AAA8CC5C-69E3-4A23-81EA-36D4F9CB6AF7}.Release|Any CPU.Build.0 = Release|Any CPU
		{AAA8CC5C-69E3-4A23-81EA-36D4F9CB6AF7}.Release|x64.ActiveCfg = Release|Any CPU
		{AAA8CC5C-69E3-4A23-81EA-36D4F9CB6AF7}.Release|x64.Build.0 = Release|Any CPU
		{AAA8CC5C-69E3-4A23-81EA-36D4F9CB6AF7}.Release|x86.ActiveCfg = Release|Any CPU
		{AAA8CC5C-69E3-4A23-81EA-36D4F9CB6AF7}.Release|x86.Build.0 = Release|Any CPU
		{BCA7C583-CA58-4121-9B2F-A477F81D6E97}.Debug|Any CPU.ActiveCfg = Debug|Any CPU
		{BCA7C583-CA58-4121-9B2F-A477F81D6E97}.Debug|Any CPU.Build.0 = Debug|Any CPU
		{BCA7C583-CA58-4121-9B2F-A477F81D6E97}.Debug|x64.ActiveCfg = Debug|Any CPU
		{BCA7C583-CA58-4121-9B2F-A477F81D6E97}.Debug|x64.Build.0 = Debug|Any CPU
		{BCA7C583-CA58-4121-9B2F-A477F81D6E97}.Debug|x86.ActiveCfg = Debug|Any CPU
		{BCA7C583-CA58-4121-9B2F-A477F81D6E97}.Debug|x86.Build.0 = Debug|Any CPU
		{BCA7C583-CA58-4121-9B2F-A477F81D6E97}.Release|Any CPU.ActiveCfg = Release|Any CPU
		{BCA7C583-CA58-4121-9B2F-A477F81D6E97}.Release|Any CPU.Build.0 = Release|Any CPU
		{BCA7C583-CA58-4121-9B2F-A477F81D6E97}.Release|x64.ActiveCfg = Release|Any CPU
		{BCA7C583-CA58-4121-9B2F-A477F81D6E97}.Release|x64.Build.0 = Release|Any CPU
		{BCA7C583-CA58-4121-9B2F-A477F81D6E97}.Release|x86.ActiveCfg = Release|Any CPU
		{BCA7C583-CA58-4121-9B2F-A477F81D6E97}.Release|x86.Build.0 = Release|Any CPU
		{81451B00-8F0E-4FD9-9FBE-78F8C42782DD}.Debug|Any CPU.ActiveCfg = Debug|Any CPU
		{81451B00-8F0E-4FD9-9FBE-78F8C42782DD}.Debug|Any CPU.Build.0 = Debug|Any CPU
		{81451B00-8F0E-4FD9-9FBE-78F8C42782DD}.Debug|x64.ActiveCfg = Debug|Any CPU
		{81451B00-8F0E-4FD9-9FBE-78F8C42782DD}.Debug|x64.Build.0 = Debug|Any CPU
		{81451B00-8F0E-4FD9-9FBE-78F8C42782DD}.Debug|x86.ActiveCfg = Debug|Any CPU
		{81451B00-8F0E-4FD9-9FBE-78F8C42782DD}.Debug|x86.Build.0 = Debug|Any CPU
		{81451B00-8F0E-4FD9-9FBE-78F8C42782DD}.Release|Any CPU.ActiveCfg = Release|Any CPU
		{81451B00-8F0E-4FD9-9FBE-78F8C42782DD}.Release|Any CPU.Build.0 = Release|Any CPU
		{81451B00-8F0E-4FD9-9FBE-78F8C42782DD}.Release|x64.ActiveCfg = Release|Any CPU
		{81451B00-8F0E-4FD9-9FBE-78F8C42782DD}.Release|x64.Build.0 = Release|Any CPU
		{81451B00-8F0E-4FD9-9FBE-78F8C42782DD}.Release|x86.ActiveCfg = Release|Any CPU
		{81451B00-8F0E-4FD9-9FBE-78F8C42782DD}.Release|x86.Build.0 = Release|Any CPU
		{50C771DD-34B0-4184-B098-510001D63B32}.Debug|Any CPU.ActiveCfg = Debug|Any CPU
		{50C771DD-34B0-4184-B098-510001D63B32}.Debug|Any CPU.Build.0 = Debug|Any CPU
		{50C771DD-34B0-4184-B098-510001D63B32}.Debug|x64.ActiveCfg = Debug|Any CPU
		{50C771DD-34B0-4184-B098-510001D63B32}.Debug|x64.Build.0 = Debug|Any CPU
		{50C771DD-34B0-4184-B098-510001D63B32}.Debug|x86.ActiveCfg = Debug|Any CPU
		{50C771DD-34B0-4184-B098-510001D63B32}.Debug|x86.Build.0 = Debug|Any CPU
		{50C771DD-34B0-4184-B098-510001D63B32}.Release|Any CPU.ActiveCfg = Release|Any CPU
		{50C771DD-34B0-4184-B098-510001D63B32}.Release|Any CPU.Build.0 = Release|Any CPU
		{50C771DD-34B0-4184-B098-510001D63B32}.Release|x64.ActiveCfg = Release|Any CPU
		{50C771DD-34B0-4184-B098-510001D63B32}.Release|x64.Build.0 = Release|Any CPU
		{50C771DD-34B0-4184-B098-510001D63B32}.Release|x86.ActiveCfg = Release|Any CPU
		{50C771DD-34B0-4184-B098-510001D63B32}.Release|x86.Build.0 = Release|Any CPU
	EndGlobalSection
	GlobalSection(SolutionProperties) = preSolution
		HideSolutionNode = FALSE
	EndGlobalSection
EndGlobal
